
Microsoft Visual Studio Solution File, Format Version 12.00
# Visual Studio Version 16
VisualStudioVersion = 16.0.33214.272
MinimumVisualStudioVersion = 10.0.40219.1
Project("{FAE04EC0-301F-11D3-BF4B-00C04F79EFBC}") = "WebApplication2", "WebApplication2\WebApplication2.csproj", "{3DAFF535-CC69-4DE9-9FA1-DA5007343FDA}"
EndProject
Global
	GlobalSection(SolutionConfigurationPlatforms) = preSolution
		Debug|Any CPU = Debug|Any CPU
		Release|Any CPU = Release|Any CPU
	EndGlobalSection
	GlobalSection(ProjectConfigurationPlatforms) = postSolution
		{3DAFF535-CC69-4DE9-9FA1-DA5007343FDA}.Debug|Any CPU.ActiveCfg = Debug|Any CPU
		{3DAFF535-CC69-4DE9-9FA1-DA5007343FDA}.Debug|Any CPU.Build.0 = Debug|Any CPU
		{3DAFF535-CC69-4DE9-9FA1-DA5007343FDA}.Release|Any CPU.ActiveCfg = Release|Any CPU
		{3DAFF535-CC69-4DE9-9FA1-DA5007343FDA}.Release|Any CPU.Build.0 = Release|Any CPU
	EndGlobalSection
	GlobalSection(SolutionProperties) = preSolution
		HideSolutionNode = FALSE
	EndGlobalSection
	GlobalSection(ExtensibilityGlobals) = postSolution
		SolutionGuid = {22E2DA6C-02CD-47B3-BB83-E36E60EC2A27}
	EndGlobalSection
EndGlobal
